
Microsoft Visual Studio Solution File, Format Version 12.00
# Visual Studio 15
VisualStudioVersion = 15.0.28307.271
MinimumVisualStudioVersion = 10.0.40219.1
Project("{FAE04EC0-301F-11D3-BF4B-00C04F79EFBC}") = "WebTerm", "WebTerm\WebTerm.csproj", "{7EFF3663-6EEB-4B60-9C29-8FC1B37DCF3C}"
EndProject
Project("{9A19103F-16F7-4668-BE54-9A1E7A4F7556}") = "OldWebTerm", "OldWebTerm\OldWebTerm.csproj", "{F47C7DB6-3756-41FA-B678-E2132D2C0032}"
EndProject
Global
	GlobalSection(SolutionConfigurationPlatforms) = preSolution
		Debug|Any CPU = Debug|Any CPU
		Release|Any CPU = Release|Any CPU
	EndGlobalSection
	GlobalSection(ProjectConfigurationPlatforms) = postSolution
		{7EFF3663-6EEB-4B60-9C29-8FC1B37DCF3C}.Debug|Any CPU.ActiveCfg = Debug|Any CPU
		{7EFF3663-6EEB-4B60-9C29-8FC1B37DCF3C}.Debug|Any CPU.Build.0 = Debug|Any CPU
		{7EFF3663-6EEB-4B60-9C29-8FC1B37DCF3C}.Release|Any CPU.ActiveCfg = Release|Any CPU
		{7EFF3663-6EEB-4B60-9C29-8FC1B37DCF3C}.Release|Any CPU.Build.0 = Release|Any CPU
		{F47C7DB6-3756-41FA-B678-E2132D2C0032}.Debug|Any CPU.ActiveCfg = Debug|Any CPU
		{F47C7DB6-3756-41FA-B678-E2132D2C0032}.Debug|Any CPU.Build.0 = Debug|Any CPU
		{F47C7DB6-3756-41FA-B678-E2132D2C0032}.Release|Any CPU.ActiveCfg = Release|Any CPU
		{F47C7DB6-3756-41FA-B678-E2132D2C0032}.Release|Any CPU.Build.0 = Release|Any CPU
	EndGlobalSection
	GlobalSection(SolutionProperties) = preSolution
		HideSolutionNode = FALSE
	EndGlobalSection
	GlobalSection(ExtensibilityGlobals) = postSolution
		SolutionGuid = {566EF11A-1786-4F3C-A793-3DC4B22B1C50}
	EndGlobalSection
EndGlobal
